// !$*UTF8*$!
{
	archiveVersion = 1;
	classes = {
	};
	objectVersion = 46;
	objects = {

/* Begin PBXBuildFile section */
		0B491D7F1F09F0B100A6C804 /* main.c in Sources */ = {isa = PBXBuildFile; fileRef = 0B491D7E1F09F0B100A6C804 /* main.c */; };
		0B491D871F0A038F00A6C804 /* fileTool.c in Sources */ = {isa = PBXBuildFile; fileRef = 0B491D851F0A038F00A6C804 /* fileTool.c */; };
		0B7A23D91F3AC083009520EF /* Test.c in Sources */ = {isa = PBXBuildFile; fileRef = 0B7A23D71F3AC083009520EF /* Test.c */; };
/* End PBXBuildFile section */

/* Begin PBXCopyFilesBuildPhase section */
		0B491D791F09F0B100A6C804 /* CopyFiles */ = {
			isa = PBXCopyFilesBuildPhase;
			buildActionMask = 2147483647;
			dstPath = /usr/share/man/man1/;
			dstSubfolderSpec = 0;
			files = (
			);
			runOnlyForDeploymentPostprocessing = 1;
		};
/* End PBXCopyFilesBuildPhase section */

/* Begin PBXFileReference section */
		0B491D7B1F09F0B100A6C804 /* TestC */ = {isa = PBXFileReference; explicitFileType = "compiled.mach-o.executable"; includeInIndex = 0; path = TestC; sourceTree = BUILT_PRODUCTS_DIR; };
		0B491D7E1F09F0B100A6C804 /* main.c */ = {isa = PBXFileReference; lastKnownFileType = sourcecode.c.c; path = main.c; sourceTree = "<group>"; };
		0B491D851F0A038F00A6C804 /* fileTool.c */ = {isa = PBXFileReference; fileEncoding = 4; lastKnownFileType = sourcecode.c.c; path = fileTool.c; sourceTree = "<group>"; };
		0B491D861F0A038F00A6C804 /* fileTool.h */ = {isa = PBXFileReference; fileEncoding = 4; lastKnownFileType = sourcecode.c.h; path = fileTool.h; sourceTree = "<group>"; };
		0B7A23D71F3AC083009520EF /* Test.c */ = {isa = PBXFileReference; fileEncoding = 4; lastKnownFileType = sourcecode.c.c; path = Test.c; sourceTree = "<group>"; };
		0B7A23D81F3AC083009520EF /* Test.h */ = {isa = PBXFileReference; fileEncoding = 4; lastKnownFileType = sourcecode.c.h; path = Test.h; sourceTree = "<group>"; };
/* End PBXFileReference section */

/* Begin PBXFrameworksBuildPhase section */
		0B491D781F09F0B100A6C804 /* Frameworks */ = {
			isa = PBXFrameworksBuildPhase;
			buildActionMask = 2147483647;
			files = (
			);
			runOnlyForDeploymentPostprocessing = 0;
		};
/* End PBXFrameworksBuildPhase section */

/* Begin PBXGroup section */
		0B491D721F09F0B100A6C804 = {
			isa = PBXGroup;
			children = (
				0B491D7D1F09F0B100A6C804 /* TestC */,
				0B491D7C1F09F0B100A6C804 /* Products */,
			);
			sourceTree = "<group>";
		};
		0B491D7C1F09F0B100A6C804 /* Products */ = {
			isa = PBXGroup;
			children = (
				0B491D7B1F09F0B100A6C804 /* TestC */,
			);
			name = Products;
			sourceTree = "<group>";
		};
		0B491D7D1F09F0B100A6C804 /* TestC */ = {
			isa = PBXGroup;
			children = (
				0B491D7E1F09F0B100A6C804 /* main.c */,
				0B491D851F0A038F00A6C804 /* fileTool.c */,
				0B491D861F0A038F00A6C804 /* fileTool.h */,
				0B7A23D71F3AC083009520EF /* Test.c */,
				0B7A23D81F3AC083009520EF /* Test.h */,
			);
			path = TestC;
			sourceTree = "<group>";
		};
/* End PBXGroup section */

/* Begin PBXNativeTarget section */
		0B491D7A1F09F0B100A6C804 /* TestC */ = {
			isa = PBXNativeTarget;
			buildConfigurationList = 0B491D821F09F0B100A6C804 /* Build configuration list for PBXNativeTarget "TestC" */;
			buildPhases = (
				0B491D771F09F0B100A6C804 /* Sources */,
				0B491D781F09F0B100A6C804 /* Frameworks */,
				0B491D791F09F0B100A6C804 /* CopyFiles */,
			);
			buildRules = (
			);
			dependencies = (
			);
			name = TestC;
			productName = TestC;
			productReference = 0B491D7B1F09F0B100A6C804 /* TestC */;
			productType = "com.apple.product-type.tool";
		};
/* End PBXNativeTarget section */

/* Begin PBXProject section */
		0B491D731F09F0B100A6C804 /* Project object */ = {
			isa = PBXProject;
			attributes = {
				LastUpgradeCheck = 0830;
				ORGANIZATIONNAME = GuoChao;
				TargetAttributes = {
					0B491D7A1F09F0B100A6C804 = {
						CreatedOnToolsVersion = 8.3.3;
						ProvisioningStyle = Automatic;
					};
				};
			};
			buildConfigurationList = 0B491D761F09F0B100A6C804 /* Build configuration list for PBXProject "TestC" */;
			compatibilityVersion = "Xcode 3.2";
			developmentRegion = English;
			hasScannedForEncodings = 0;
			knownRegions = (
				en,
			);
			mainGroup = 0B491D721F09F0B100A6C804;
			productRefGroup = 0B491D7C1F09F0B100A6C804 /* Products */;
			projectDirPath = "";
			projectRoot = "";
			targets = (
				0B491D7A1F09F0B100A6C804 /* TestC */,
			);
		};
/* End PBXProject section */

/* Begin PBXSourcesBuildPhase section */
		0B491D771F09F0B100A6C804 /* Sources */ = {
			isa = PBXSourcesBuildPhase;
			buildActionMask = 2147483647;
			files = (
				0B491D7F1F09F0B100A6C804 /* main.c in Sources */,
				0B7A23D91F3AC083009520EF /* Test.c in Sources */,
				0B491D871F0A038F00A6C804 /* fileTool.c in Sources */,
			);
			runOnlyForDeploymentPostprocessing = 0;
		};
/* End PBXSourcesBuildPhase section */

/* Begin XCBuildConfiguration section */
		0B491D801F09F0B100A6C804 /* Debug */ = {
			isa = XCBuildConfiguration;
			buildSettings = {
				ALWAYS_SEARCH_USER_PATHS = NO;
				CLANG_ANALYZER_NONNULL = YES;
				CLANG_ANALYZER_NUMBER_OBJECT_CONVERSION = YES_AGGRESSIVE;
				CLANG_CXX_LANGUAGE_STANDARD = "gnu++0x";
				CLANG_CXX_LIBRARY = "libc++";
				CLANG_ENABLE_MODULES = YES;
				CLANG_ENABLE_OBJC_ARC = YES;
				CLANG_WARN_BOOL_CONVERSION = YES;
				CLANG_WARN_CONSTANT_CONVERSION = YES;
				CLANG_WARN_DIRECT_OBJC_ISA_USAGE = YES_ERROR;
				CLANG_WARN_DOCUMENTATION_COMMENTS = YES;
				CLANG_WARN_EMPTY_BODY = YES;
				CLANG_WARN_ENUM_CONVERSION = YES;
				CLANG_WARN_INFINITE_RECURSION = YES;
				CLANG_WARN_INT_CONVERSION = YES;
				CLANG_WARN_OBJC_ROOT_CLASS = YES_ERROR;
				CLANG_WARN_SUSPICIOUS_MOVE = YES;
				CLANG_WARN_UNREACHABLE_CODE = YES;
				CLANG_WARN__DUPLICATE_METHOD_MATCH = YES;
				CODE_SIGN_IDENTITY = "-";
				COPY_PHASE_STRIP = NO;
				DEBUG_INFORMATION_FORMAT = dwarf;
				ENABLE_STRICT_OBJC_MSGSEND = YES;
				ENABLE_TESTABILITY = YES;
				GCC_C_LANGUAGE_STANDARD = gnu99;
				GCC_DYNAMIC_NO_PIC = NO;
				GCC_NO_COMMON_BLOCKS = YES;
				GCC_OPTIMIZATION_LEVEL = 0;
				GCC_PREPROCESSOR_DEFINITIONS = (
					"DEBUG=1",
					"$(inherited)",
				);
				GCC_WARN_64_TO_32_BIT_CONVERSION = YES;
				GCC_WARN_ABOUT_RETURN_TYPE = YES_ERROR;
				GCC_WARN_UNDECLARED_SELECTOR = YES;
				GCC_WARN_UNINITIALIZED_AUTOS = YES_AGGRESSIVE;
				GCC_WARN_UNUSED_FUNCTION = YES;
				GCC_WARN_UNUSED_VARIABLE = YES;
				MACOSX_DEPLOYMENT_TARGET = 10.12;
				MTL_ENABLE_DEBUG_INFO = YES;
				ONLY_ACTIVE_ARCH = YES;
				SDKROOT = macosx;
			};
			name = Debug;
		};
		0B491D811F09F0B100A6C804 /* Release */ = {
			isa = XCBuildConfiguration;
			buildSettings = {
				ALWAYS_SEARCH_USER_PATHS = NO;
				CLANG_ANALYZER_NONNULL = YES;
				CLANG_ANALYZER_NUMBER_OBJECT_CONVERSION = YES_AGGRESSIVE;
				CLANG_CXX_LANGUAGE_STANDARD = "gnu++0x";
				CLANG_CXX_LIBRARY = "libc++";
				CLANG_ENABLE_MODULES = YES;
				CLANG_ENABLE_OBJC_ARC = YES;
				CLANG_WARN_BOOL_CONVERSION = YES;
				CLANG_WARN_CONSTANT_CONVERSION = YES;
				CLANG_WARN_DIRECT_OBJC_ISA_USAGE = YES_ERROR;
				CLANG_WARN_DOCUMENTATION_COMMENTS = YES;
				CLANG_WARN_EMPTY_BODY = YES;
				CLANG_WARN_ENUM_CONVERSION = YES;
				CLANG_WARN_INFINITE_RECURSION = YES;
				CLANG_WARN_INT_CONVERSION = YES;
				CLANG_WARN_OBJC_ROOT_CLASS = YES_ERROR;
				CLANG_WARN_SUSPICIOUS_MOVE = YES;
				CLANG_WARN_UNREACHABLE_CODE = YES;
				CLANG_WARN__DUPLICATE_METHOD_MATCH = YES;
				CODE_SIGN_IDENTITY = "-";
				COPY_PHASE_STRIP = NO;
				DEBUG_INFORMATION_FORMAT = "dwarf-with-dsym";
				ENABLE_NS_ASSERTIONS = NO;
				ENABLE_STRICT_OBJC_MSGSEND = YES;
				GCC_C_LANGUAGE_STANDARD = gnu99;
				GCC_NO_COMMON_BLOCKS = YES;
				GCC_WARN_64_TO_32_BIT_CONVERSION = YES;
				GCC_WARN_ABOUT_RETURN_TYPE = YES_ERROR;
				GCC_WARN_UNDECLARED_SELECTOR = YES;
				GCC_WARN_UNINITIALIZED_AUTOS = YES_AGGRESSIVE;
				GCC_WARN_UNUSED_FUNCTION = YES;
				GCC_WARN_UNUSED_VARIABLE = YES;
				MACOSX_DEPLOYMENT_TARGET = 10.12;
				MTL_ENABLE_DEBUG_INFO = NO;
				SDKROOT = macosx;
			};
			name = Release;
		};
		0B491D831F09F0B100A6C804 /* Debug */ = {
			isa = XCBuildConfiguration;
			buildSettings = {
				PRODUCT_NAME = "$(TARGET_NAME)";
			};
			name = Debug;
		};
		0B491D841F09F0B100A6C804 /* Release */ = {
			isa = XCBuildConfiguration;
			buildSettings = {
				PRODUCT_NAME = "$(TARGET_NAME)";
			};
			name = Release;
		};
/* End XCBuildConfiguration section */

/* Begin XCConfigurationList section */
		0B491D761F09F0B100A6C804 /* Build configuration list for PBXProject "TestC" */ = {
			isa = XCConfigurationList;
			buildConfigurations = (
				0B491D801F09F0B100A6C804 /* Debug */,
				0B491D811F09F0B100A6C804 /* Release */,
			);
			defaultConfigurationIsVisible = 0;
			defaultConfigurationName = Release;
		};
		0B491D821F09F0B100A6C804 /* Build configuration list for PBXNativeTarget "TestC" */ = {
			isa = XCConfigurationList;
			buildConfigurations = (
				0B491D831F09F0B100A6C804 /* Debug */,
				0B491D841F09F0B100A6C804 /* Release */,
			);
			defaultConfigurationIsVisible = 0;
			defaultConfigurationName = Release;
		};
/* End XCConfigurationList section */
	};
	rootObject = 0B491D731F09F0B100A6C804 /* Project object */;
}
